
Microsoft Visual Studio Solution File, Format Version 12.00
# Visual Studio 15
VisualStudioVersion = 15.0.27130.2027
MinimumVisualStudioVersion = 10.0.40219.1
Project("{FAE04EC0-301F-11D3-BF4B-00C04F79EFBC}") = "ConditionalStatementsProblem", "ConditionalStatementsProblem\ConditionalStatementsProblem.csproj", "{9088002F-7410-44E6-8773-75DC6E68CA8E}"
EndProject
Global
	GlobalSection(SolutionConfigurationPlatforms) = preSolution
		Debug|Any CPU = Debug|Any CPU
		Release|Any CPU = Release|Any CPU
	EndGlobalSection
	GlobalSection(ProjectConfigurationPlatforms) = postSolution
		{9088002F-7410-44E6-8773-75DC6E68CA8E}.Debug|Any CPU.ActiveCfg = Debug|Any CPU
		{9088002F-7410-44E6-8773-75DC6E68CA8E}.Debug|Any CPU.Build.0 = Debug|Any CPU
		{9088002F-7410-44E6-8773-75DC6E68CA8E}.Release|Any CPU.ActiveCfg = Release|Any CPU
		{9088002F-7410-44E6-8773-75DC6E68CA8E}.Release|Any CPU.Build.0 = Release|Any CPU
	EndGlobalSection
	GlobalSection(SolutionProperties) = preSolution
		HideSolutionNode = FALSE
	EndGlobalSection
	GlobalSection(ExtensibilityGlobals) = postSolution
		SolutionGuid = {F210C185-BF50-43F3-8262-BE1E46283A2D}
	EndGlobalSection
EndGlobal
